
Microsoft Visual Studio Solution File, Format Version 12.00
# Visual Studio Version 17
VisualStudioVersion = 17.14.36401.2 d17.14
MinimumVisualStudioVersion = 10.0.40219.1
Project("{FAE04EC0-301F-11D3-BF4B-00C04F79EFBC}") = "tutorial_2_5", "tutorial_2_5\tutorial_2_5.csproj", "{DE3EB500-0B6D-4E06-AD7D-3AF10E46112B}"
EndProject
Global
	GlobalSection(SolutionConfigurationPlatforms) = preSolution
		Debug|Any CPU = Debug|Any CPU
		Release|Any CPU = Release|Any CPU
	EndGlobalSection
	GlobalSection(ProjectConfigurationPlatforms) = postSolution
		{DE3EB500-0B6D-4E06-AD7D-3AF10E46112B}.Debug|Any CPU.ActiveCfg = Debug|Any CPU
		{DE3EB500-0B6D-4E06-AD7D-3AF10E46112B}.Debug|Any CPU.Build.0 = Debug|Any CPU
		{DE3EB500-0B6D-4E06-AD7D-3AF10E46112B}.Release|Any CPU.ActiveCfg = Release|Any CPU
		{DE3EB500-0B6D-4E06-AD7D-3AF10E46112B}.Release|Any CPU.Build.0 = Release|Any CPU
	EndGlobalSection
	GlobalSection(SolutionProperties) = preSolution
		HideSolutionNode = FALSE
	EndGlobalSection
	GlobalSection(ExtensibilityGlobals) = postSolution
		SolutionGuid = {C6FD113E-8B81-4324-BFF6-D3C67C84FD20}
	EndGlobalSection
EndGlobal
